cookbook 'gerrit', :git => 'git://github.com/easybake-recipes/gerrit.git', :ref => 'master'
cookbook 'foodcritic', :git => 'git://github.com/easybake-recipes/foodcritic.git', :ref => 'master'
cookbook 'nodejs', :locked_version => '1.1.2'
cookbook 'maven', :locked_version => '0.15.0'
cookbook 'sqlite', :locked_version => '1.0.0'
cookbook 'redisio', :locked_version => '1.4.1'
cookbook 'redis', :git => 'git://github.com/miah/chef-redis.git', :ref => 'master'
cookbook 'nginx', :git => 'git://github.com/gcymbalski/nginx.git', :ref => 'master'
cookbook 'cd-tools', :git => 'git://github.com/gcymbalski/cd-tools.git', :ref => 'master'
cookbook 'jenkins', :git => 'git://github.com/gcymbalski/jenkins.git', :ref => 'master'
cookbook 'postgresql', :locked_version => '2.2.0'
cookbook 'openssl', :locked_version => '1.0.0'
cookbook 'database', :locked_version => '1.3.12'
cookbook 'mysql', :locked_version => '2.1.2'
cookbook 'build-essential', :locked_version => '1.3.4'
cookbook 'aws', :locked_version => '0.100.6'
cookbook 'xfs', :locked_version => '1.1.0'
cookbook 'git', :locked_version => '2.3.0'
cookbook 'dmg', :locked_version => '1.1.0'
cookbook 'yum', :locked_version => '2.1.0'
cookbook 'windows', :locked_version => '1.8.4'
cookbook 'chef_handler', :locked_version => '1.1.4'
cookbook 'runit', :locked_version => '1.1.2'
cookbook 'apt', :locked_version => '1.9.0'
cookbook 'java', :locked_version => '1.9.4'
cookbook 'ark', :locked_version => '0.1.0'
cookbook 'ulimit', :locked_version => '0.1.3'
cookbook 'stunnel', :locked_version => '2.0.2'
cookbook 'discovery', :locked_version => '0.2.0'
cookbook 'ohai', :locked_version => '1.1.4'
cookbook 'apache2', :locked_version => '1.4.2'
cookbook 'iptables', :locked_version => '0.12.0'